{
  "name": "trybecar",
  "version": "1.0.0",
  "lockfileVersion": 2,
  "requires": true,
  "packages": {
    "": {
      "name": "trybecar",
      "version": "1.0.0",
      "license": "ISC",
      "dependencies": {
        "dayjs": "^1.11.3",
        "dayjs-business-time": "^1.0.4",
        "readline-sync": "^1.4.10"
      }
    },
    "node_modules/dayjs": {
      "version": "1.11.3",
      "resolved": "https://registry.npmjs.org/dayjs/-/dayjs-1.11.3.tgz",
      "integrity": "sha512-xxwlswWOlGhzgQ4TKzASQkUhqERI3egRNqgV4ScR8wlANA/A9tZ7miXa44vTTKEq5l7vWoL5G57bG3zA+Kow0A=="
    },
    "node_modules/dayjs-business-time": {
      "version": "1.0.4",
      "resolved": "https://registry.npmjs.org/dayjs-business-time/-/dayjs-business-time-1.0.4.tgz",
      "integrity": "sha512-v/0ynVV0Ih9Qw/pqJdScVHfoIaHkxLSom8j9+jO+VUOPnxC0fj5QGpDAZ94LUFd7jBkq2UO8C1LrVY+EHFx3aA==",
      "dependencies": {
        "dayjs": "^1.10.4"
      }
    },
    "node_modules/readline-sync": {
      "version": "1.4.10",
      "resolved": "https://registry.npmjs.org/readline-sync/-/readline-sync-1.4.10.tgz",
      "integrity": "sha512-gNva8/6UAe8QYepIQH/jQ2qn91Qj0B9sYjMBBs3QOB8F2CXcKgLxQaJRP76sWVRQt+QU+8fAkCbCvjjMFu7Ycw==",
      "engines": {
        "node": ">= 0.8.0"
      }
    }
  },
  "dependencies": {
    "dayjs": {
      "version": "1.11.3",
      "resolved": "https://registry.npmjs.org/dayjs/-/dayjs-1.11.3.tgz",
      "integrity": "sha512-xxwlswWOlGhzgQ4TKzASQkUhqERI3egRNqgV4ScR8wlANA/A9tZ7miXa44vTTKEq5l7vWoL5G57bG3zA+Kow0A=="
    },
    "dayjs-business-time": {
      "version": "1.0.4",
      "resolved": "https://registry.npmjs.org/dayjs-business-time/-/dayjs-business-time-1.0.4.tgz",
      "integrity": "sha512-v/0ynVV0Ih9Qw/pqJdScVHfoIaHkxLSom8j9+jO+VUOPnxC0fj5QGpDAZ94LUFd7jBkq2UO8C1LrVY+EHFx3aA==",
      "requires": {
        "dayjs": "^1.10.4"
      }
    },
    "readline-sync": {
      "version": "1.4.10",
      "resolved": "https://registry.npmjs.org/readline-sync/-/readline-sync-1.4.10.tgz",
      "integrity": "sha512-gNva8/6UAe8QYepIQH/jQ2qn91Qj0B9sYjMBBs3QOB8F2CXcKgLxQaJRP76sWVRQt+QU+8fAkCbCvjjMFu7Ycw=="
    }
  }
}
